
Microsoft Visual Studio Solution File, Format Version 12.00
# Visual Studio 2012
Project("{FAE04EC0-301F-11D3-BF4B-00C04F79EFBC}") = "ExcelBot__Connector", "ExcelBot__Connector.csproj", "{423D297B-DDFF-4465-8AED-FA2DC02DDE12}"
EndProject
Global
	GlobalSection(SolutionConfigurationPlatforms) = preSolution
		Debug|Any CPU = Debug|Any CPU
		Release|Any CPU = Release|Any CPU
	EndGlobalSection
	GlobalSection(ProjectConfigurationPlatforms) = postSolution
		{423D297B-DDFF-4465-8AED-FA2DC02DDE12}.Debug|Any CPU.ActiveCfg = Debug|Any CPU
		{423D297B-DDFF-4465-8AED-FA2DC02DDE12}.Debug|Any CPU.Build.0 = Debug|Any CPU
		{423D297B-DDFF-4465-8AED-FA2DC02DDE12}.Release|Any CPU.ActiveCfg = Release|Any CPU
		{423D297B-DDFF-4465-8AED-FA2DC02DDE12}.Release|Any CPU.Build.0 = Release|Any CPU
	EndGlobalSection
	GlobalSection(MonoDevelopProperties) = preSolution
		StartupItem = ExcelBot__Connector.csproj
	EndGlobalSection
EndGlobal
